// !$*UTF8*$!
{
	archiveVersion = 1;
	classes = {
	};
	objectVersion = 50;
	objects = {

/* Begin PBXBuildFile section */
		05551C3124FDF98600EBBE27 /* AppDelegate.swift in Sources */ = {isa = PBXBuildFile; fileRef = 05551C3024FDF98600EBBE27 /* AppDelegate.swift */; };
		05551C3324FDF98600EBBE27 /* ViewController.swift in Sources */ = {isa = PBXBuildFile; fileRef = 05551C3224FDF98600EBBE27 /* ViewController.swift */; };
		05551C3624FDF98600EBBE27 /* Main.storyboard in Resources */ = {isa = PBXBuildFile; fileRef = 05551C3424FDF98600EBBE27 /* Main.storyboard */; };
		05551C3824FDF99300EBBE27 /* Assets.xcassets in Resources */ = {isa = PBXBuildFile; fileRef = 05551C3724FDF99300EBBE27 /* Assets.xcassets */; };
		05551C3B24FDF99300EBBE27 /* LaunchScreen.storyboard in Resources */ = {isa = PBXBuildFile; fileRef = 05551C3924FDF99300EBBE27 /* LaunchScreen.storyboard */; };
		05551C4624FDF99300EBBE27 /* mekediTests.swift in Sources */ = {isa = PBXBuildFile; fileRef = 05551C4524FDF99300EBBE27 /* mekediTests.swift */; };
		05551C5124FDF99300EBBE27 /* mekediUITests.swift in Sources */ = {isa = PBXBuildFile; fileRef = 05551C5024FDF99300EBBE27 /* mekediUITests.swift */; };
/* End PBXBuildFile section */

/* Begin PBXContainerItemProxy section */
		05551C4224FDF99300EBBE27 /* PBXContainerItemProxy */ = {
			isa = PBXContainerItemProxy;
			containerPortal = 05551C2524FDF98600EBBE27 /* Project object */;
			proxyType = 1;
			remoteGlobalIDString = 05551C2C24FDF98600EBBE27;
			remoteInfo = mekedi;
		};
		05551C4D24FDF99300EBBE27 /* PBXContainerItemProxy */ = {
			isa = PBXContainerItemProxy;
			containerPortal = 05551C2524FDF98600EBBE27 /* Project object */;
			proxyType = 1;
			remoteGlobalIDString = 05551C2C24FDF98600EBBE27;
			remoteInfo = mekedi;
		};
/* End PBXContainerItemProxy section */

/* Begin PBXFileReference section */
		05551C2D24FDF98600EBBE27 /* mekedi.app */ = {isa = PBXFileReference; explicitFileType = wrapper.application; includeInIndex = 0; path = mekedi.app; sourceTree = BUILT_PRODUCTS_DIR; };
		05551C3024FDF98600EBBE27 /* AppDelegate.swift */ = {isa = PBXFileReference; lastKnownFileType = sourcecode.swift; path = AppDelegate.swift; sourceTree = "<group>"; };
		05551C3224FDF98600EBBE27 /* ViewController.swift */ = {isa = PBXFileReference; lastKnownFileType = sourcecode.swift; path = ViewController.swift; sourceTree = "<group>"; };
		05551C3524FDF98600EBBE27 /* Base */ = {isa = PBXFileReference; lastKnownFileType = file.storyboard; name = Base; path = Base.lproj/Main.storyboard; sourceTree = "<group>"; };
		05551C3724FDF99300EBBE27 /* Assets.xcassets */ = {isa = PBXFileReference; lastKnownFileType = folder.assetcatalog; path = Assets.xcassets; sourceTree = "<group>"; };
		05551C3A24FDF99300EBBE27 /* Base */ = {isa = PBXFileReference; lastKnownFileType = file.storyboard; name = Base; path = Base.lproj/LaunchScreen.storyboard; sourceTree = "<group>"; };
		05551C3C24FDF99300EBBE27 /* Info.plist */ = {isa = PBXFileReference; lastKnownFileType = text.plist.xml; path = Info.plist; sourceTree = "<group>"; };
		05551C4124FDF99300EBBE27 /* mekediTests.xctest */ = {isa = PBXFileReference; explicitFileType = wrapper.cfbundle; includeInIndex = 0; path = mekediTests.xctest; sourceTree = BUILT_PRODUCTS_DIR; };
		05551C4524FDF99300EBBE27 /* mekediTests.swift */ = {isa = PBXFileReference; lastKnownFileType = sourcecode.swift; path = mekediTests.swift; sourceTree = "<group>"; };
		05551C4724FDF99300EBBE27 /* Info.plist */ = {isa = PBXFileReference; lastKnownFileType = text.plist.xml; path = Info.plist; sourceTree = "<group>"; };
		05551C4C24FDF99300EBBE27 /* mekediUITests.xctest */ = {isa = PBXFileReference; explicitFileType = wrapper.cfbundle; includeInIndex = 0; path = mekediUITests.xctest; sourceTree = BUILT_PRODUCTS_DIR; };
		05551C5024FDF99300EBBE27 /* mekediUITests.swift */ = {isa = PBXFileReference; lastKnownFileType = sourcecode.swift; path = mekediUITests.swift; sourceTree = "<group>"; };
		05551C5224FDF99300EBBE27 /* Info.plist */ = {isa = PBXFileReference; lastKnownFileType = text.plist.xml; path = Info.plist; sourceTree = "<group>"; };
/* End PBXFileReference section */

/* Begin PBXFrameworksBuildPhase section */
		05551C2A24FDF98600EBBE27 /* Frameworks */ = {
			isa = PBXFrameworksBuildPhase;
			buildActionMask = 2147483647;
			files = (
			);
			runOnlyForDeploymentPostprocessing = 0;
		};
		05551C3E24FDF99300EBBE27 /* Frameworks */ = {
			isa = PBXFrameworksBuildPhase;
			buildActionMask = 2147483647;
			files = (
			);
			runOnlyForDeploymentPostprocessing = 0;
		};
		05551C4924FDF99300EBBE27 /* Frameworks */ = {
			isa = PBXFrameworksBuildPhase;
			buildActionMask = 2147483647;
			files = (
			);
			runOnlyForDeploymentPostprocessing = 0;
		};
/* End PBXFrameworksBuildPhase section */

/* Begin PBXGroup section */
		05551C2424FDF98600EBBE27 = {
			isa = PBXGroup;
			children = (
				05551C2F24FDF98600EBBE27 /* mekedi */,
				05551C4424FDF99300EBBE27 /* mekediTests */,
				05551C4F24FDF99300EBBE27 /* mekediUITests */,
				05551C2E24FDF98600EBBE27 /* Products */,
			);
			sourceTree = "<group>";
		};
		05551C2E24FDF98600EBBE27 /* Products */ = {
			isa = PBXGroup;
			children = (
				05551C2D24FDF98600EBBE27 /* mekedi.app */,
				05551C4124FDF99300EBBE27 /* mekediTests.xctest */,
				05551C4C24FDF99300EBBE27 /* mekediUITests.xctest */,
			);
			name = Products;
			sourceTree = "<group>";
		};
		05551C2F24FDF98600EBBE27 /* mekedi */ = {
			isa = PBXGroup;
			children = (
				05551C3024FDF98600EBBE27 /* AppDelegate.swift */,
				05551C3224FDF98600EBBE27 /* ViewController.swift */,
				05551C3424FDF98600EBBE27 /* Main.storyboard */,
				05551C3724FDF99300EBBE27 /* Assets.xcassets */,
				05551C3924FDF99300EBBE27 /* LaunchScreen.storyboard */,
				05551C3C24FDF99300EBBE27 /* Info.plist */,
			);
			path = mekedi;
			sourceTree = "<group>";
		};
		05551C4424FDF99300EBBE27 /* mekediTests */ = {
			isa = PBXGroup;
			children = (
				05551C4524FDF99300EBBE27 /* mekediTests.swift */,
				05551C4724FDF99300EBBE27 /* Info.plist */,
			);
			path = mekediTests;
			sourceTree = "<group>";
		};
		05551C4F24FDF99300EBBE27 /* mekediUITests */ = {
			isa = PBXGroup;
			children = (
				05551C5024FDF99300EBBE27 /* mekediUITests.swift */,
				05551C5224FDF99300EBBE27 /* Info.plist */,
			);
			path = mekediUITests;
			sourceTree = "<group>";
		};
/* End PBXGroup section */

/* Begin PBXNativeTarget section */
		05551C2C24FDF98600EBBE27 /* mekedi */ = {
			isa = PBXNativeTarget;
			buildConfigurationList = 05551C5524FDF99300EBBE27 /* Build configuration list for PBXNativeTarget "mekedi" */;
			buildPhases = (
				05551C2924FDF98600EBBE27 /* Sources */,
				05551C2A24FDF98600EBBE27 /* Frameworks */,
				05551C2B24FDF98600EBBE27 /* Resources */,
			);
			buildRules = (
			);
			dependencies = (
			);
			name = mekedi;
			productName = mekedi;
			productReference = 05551C2D24FDF98600EBBE27 /* mekedi.app */;
			productType = "com.apple.product-type.application";
		};
		05551C4024FDF99300EBBE27 /* mekediTests */ = {
			isa = PBXNativeTarget;
			buildConfigurationList = 05551C5824FDF99300EBBE27 /* Build configuration list for PBXNativeTarget "mekediTests" */;
			buildPhases = (
				05551C3D24FDF99300EBBE27 /* Sources */,
				05551C3E24FDF99300EBBE27 /* Frameworks */,
				05551C3F24FDF99300EBBE27 /* Resources */,
			);
			buildRules = (
			);
			dependencies = (
				05551C4324FDF99300EBBE27 /* PBXTargetDependency */,
			);
			name = mekediTests;
			productName = mekediTests;
			productReference = 05551C4124FDF99300EBBE27 /* mekediTests.xctest */;
			productType = "com.apple.product-type.bundle.unit-test";
		};
		05551C4B24FDF99300EBBE27 /* mekediUITests */ = {
			isa = PBXNativeTarget;
			buildConfigurationList = 05551C5B24FDF99300EBBE27 /* Build configuration list for PBXNativeTarget "mekediUITests" */;
			buildPhases = (
				05551C4824FDF99300EBBE27 /* Sources */,
				05551C4924FDF99300EBBE27 /* Frameworks */,
				05551C4A24FDF99300EBBE27 /* Resources */,
			);
			buildRules = (
			);
			dependencies = (
				05551C4E24FDF99300EBBE27 /* PBXTargetDependency */,
			);
			name = mekediUITests;
			productName = mekediUITests;
			productReference = 05551C4C24FDF99300EBBE27 /* mekediUITests.xctest */;
			productType = "com.apple.product-type.bundle.ui-testing";
		};
/* End PBXNativeTarget section */

/* Begin PBXProject section */
		05551C2524FDF98600EBBE27 /* Project object */ = {
			isa = PBXProject;
			attributes = {
				LastSwiftUpdateCheck = 1010;
				LastUpgradeCheck = 1010;
				ORGANIZATIONNAME = prk;
				TargetAttributes = {
					05551C2C24FDF98600EBBE27 = {
						CreatedOnToolsVersion = 10.1;
					};
					05551C4024FDF99300EBBE27 = {
						CreatedOnToolsVersion = 10.1;
						TestTargetID = 05551C2C24FDF98600EBBE27;
					};
					05551C4B24FDF99300EBBE27 = {
						CreatedOnToolsVersion = 10.1;
						TestTargetID = 05551C2C24FDF98600EBBE27;
					};
				};
			};
			buildConfigurationList = 05551C2824FDF98600EBBE27 /* Build configuration list for PBXProject "mekedi" */;
			compatibilityVersion = "Xcode 9.3";
			developmentRegion = en;
			hasScannedForEncodings = 0;
			knownRegions = (
				en,
				Base,
			);
			mainGroup = 05551C2424FDF98600EBBE27;
			productRefGroup = 05551C2E24FDF98600EBBE27 /* Products */;
			projectDirPath = "";
			projectRoot = "";
			targets = (
				05551C2C24FDF98600EBBE27 /* mekedi */,
				05551C4024FDF99300EBBE27 /* mekediTests */,
				05551C4B24FDF99300EBBE27 /* mekediUITests */,
			);
		};
/* End PBXProject section */

/* Begin PBXResourcesBuildPhase section */
		05551C2B24FDF98600EBBE27 /* Resources */ = {
			isa = PBXResourcesBuildPhase;
			buildActionMask = 2147483647;
			files = (
				05551C3B24FDF99300EBBE27 /* LaunchScreen.storyboard in Resources */,
				05551C3824FDF99300EBBE27 /* Assets.xcassets in Resources */,
				05551C3624FDF98600EBBE27 /* Main.storyboard in Resources */,
			);
			runOnlyForDeploymentPostprocessing = 0;
		};
		05551C3F24FDF99300EBBE27 /* Resources */ = {
			isa = PBXResourcesBuildPhase;
			buildActionMask = 2147483647;
			files = (
			);
			runOnlyForDeploymentPostprocessing = 0;
		};
		05551C4A24FDF99300EBBE27 /* Resources */ = {
			isa = PBXResourcesBuildPhase;
			buildActionMask = 2147483647;
			files = (
			);
			runOnlyForDeploymentPostprocessing = 0;
		};
/* End PBXResourcesBuildPhase section */

/* Begin PBXSourcesBuildPhase section */
		05551C2924FDF98600EBBE27 /* Sources */ = {
			isa = PBXSourcesBuildPhase;
			buildActionMask = 2147483647;
			files = (
				05551C3324FDF98600EBBE27 /* ViewController.swift in Sources */,
				05551C3124FDF98600EBBE27 /* AppDelegate.swift in Sources */,
			);
			runOnlyForDeploymentPostprocessing = 0;
		};
		05551C3D24FDF99300EBBE27 /* Sources */ = {
			isa = PBXSourcesBuildPhase;
			buildActionMask = 2147483647;
			files = (
				05551C4624FDF99300EBBE27 /* mekediTests.swift in Sources */,
			);
			runOnlyForDeploymentPostprocessing = 0;
		};
		05551C4824FDF99300EBBE27 /* Sources */ = {
			isa = PBXSourcesBuildPhase;
			buildActionMask = 2147483647;
			files = (
				05551C5124FDF99300EBBE27 /* mekediUITests.swift in Sources */,
			);
			runOnlyForDeploymentPostprocessing = 0;
		};
/* End PBXSourcesBuildPhase section */

/* Begin PBXTargetDependency section */
		05551C4324FDF99300EBBE27 /* PBXTargetDependency */ = {
			isa = PBXTargetDependency;
			target = 05551C2C24FDF98600EBBE27 /* mekedi */;
			targetProxy = 05551C4224FDF99300EBBE27 /* PBXContainerItemProxy */;
		};
		05551C4E24FDF99300EBBE27 /* PBXTargetDependency */ = {
			isa = PBXTargetDependency;
			target = 05551C2C24FDF98600EBBE27 /* mekedi */;
			targetProxy = 05551C4D24FDF99300EBBE27 /* PBXContainerItemProxy */;
		};
/* End PBXTargetDependency section */

/* Begin PBXVariantGroup section */
		05551C3424FDF98600EBBE27 /* Main.storyboard */ = {
			isa = PBXVariantGroup;
			children = (
				05551C3524FDF98600EBBE27 /* Base */,
			);
			name = Main.storyboard;
			sourceTree = "<group>";
		};
		05551C3924FDF99300EBBE27 /* LaunchScreen.storyboard */ = {
			isa = PBXVariantGroup;
			children = (
				05551C3A24FDF99300EBBE27 /* Base */,
			);
			name = LaunchScreen.storyboard;
			sourceTree = "<group>";
		};
/* End PBXVariantGroup section */

/* Begin XCBuildConfiguration section */
		05551C5324FDF99300EBBE27 /* Debug */ = {
			isa = XCBuildConfiguration;
			buildSettings = {
				ALWAYS_SEARCH_USER_PATHS = NO;
				CLANG_ANALYZER_NONNULL = YES;
				CLANG_ANALYZER_NUMBER_OBJECT_CONVERSION = YES_AGGRESSIVE;
				CLANG_CXX_LANGUAGE_STANDARD = "gnu++14";
				CLANG_CXX_LIBRARY = "libc++";
				CLANG_ENABLE_MODULES = YES;
				CLANG_ENABLE_OBJC_ARC = YES;
				CLANG_ENABLE_OBJC_WEAK = YES;
				CLANG_WARN_BLOCK_CAPTURE_AUTORELEASING = YES;
				CLANG_WARN_BOOL_CONVERSION = YES;
				CLANG_WARN_COMMA = YES;
				CLANG_WARN_CONSTANT_CONVERSION = YES;
				CLANG_WARN_DEPRECATED_OBJC_IMPLEMENTATIONS = YES;
				CLANG_WARN_DIRECT_OBJC_ISA_USAGE = YES_ERROR;
				CLANG_WARN_DOCUMENTATION_COMMENTS = YES;
				CLANG_WARN_EMPTY_BODY = YES;
				CLANG_WARN_ENUM_CONVERSION = YES;
				CLANG_WARN_INFINITE_RECURSION = YES;
				CLANG_WARN_INT_CONVERSION = YES;
				CLANG_WARN_NON_LITERAL_NULL_CONVERSION = YES;
				CLANG_WARN_OBJC_IMPLICIT_RETAIN_SELF = YES;
				CLANG_WARN_OBJC_LITERAL_CONVERSION = YES;
				CLANG_WARN_OBJC_ROOT_CLASS = YES_ERROR;
				CLANG_WARN_RANGE_LOOP_ANALYSIS = YES;
				CLANG_WARN_STRICT_PROTOTYPES = YES;
				CLANG_WARN_SUSPICIOUS_MOVE = YES;
				CLANG_WARN_UNGUARDED_AVAILABILITY = YES_AGGRESSIVE;
				CLANG_WARN_UNREACHABLE_CODE = YES;
				CLANG_WARN__DUPLICATE_METHOD_MATCH = YES;
				CODE_SIGN_IDENTITY = "iPhone Developer";
				COPY_PHASE_STRIP = NO;
				DEBUG_INFORMATION_FORMAT = dwarf;
				ENABLE_STRICT_OBJC_MSGSEND = YES;
				ENABLE_TESTABILITY = YES;
				GCC_C_LANGUAGE_STANDARD = gnu11;
				GCC_DYNAMIC_NO_PIC = NO;
				GCC_NO_COMMON_BLOCKS = YES;
				GCC_OPTIMIZATION_LEVEL = 0;
				GCC_PREPROCESSOR_DEFINITIONS = (
					"DEBUG=1",
					"$(inherited)",
				);
				GCC_WARN_64_TO_32_BIT_CONVERSION = YES;
				GCC_WARN_ABOUT_RETURN_TYPE = YES_ERROR;
				GCC_WARN_UNDECLARED_SELECTOR = YES;
				GCC_WARN_UNINITIALIZED_AUTOS = YES_AGGRESSIVE;
				GCC_WARN_UNUSED_FUNCTION = YES;
				GCC_WARN_UNUSED_VARIABLE = YES;
				IPHONEOS_DEPLOYMENT_TARGET = 12.1;
				MTL_ENABLE_DEBUG_INFO = INCLUDE_SOURCE;
				MTL_FAST_MATH = YES;
				ONLY_ACTIVE_ARCH = YES;
				SDKROOT = iphoneos;
				SWIFT_ACTIVE_COMPILATION_CONDITIONS = DEBUG;
				SWIFT_OPTIMIZATION_LEVEL = "-Onone";
			};
			name = Debug;
		};
		05551C5424FDF99300EBBE27 /* Release */ = {
			isa = XCBuildConfiguration;
			buildSettings = {
				ALWAYS_SEARCH_USER_PATHS = NO;
				CLANG_ANALYZER_NONNULL = YES;
				CLANG_ANALYZER_NUMBER_OBJECT_CONVERSION = YES_AGGRESSIVE;
				CLANG_CXX_LANGUAGE_STANDARD = "gnu++14";
				CLANG_CXX_LIBRARY = "libc++";
				CLANG_ENABLE_MODULES = YES;
				CLANG_ENABLE_OBJC_ARC = YES;
				CLANG_ENABLE_OBJC_WEAK = YES;
				CLANG_WARN_BLOCK_CAPTURE_AUTORELEASING = YES;
				CLANG_WARN_BOOL_CONVERSION = YES;
				CLANG_WARN_COMMA = YES;
				CLANG_WARN_CONSTANT_CONVERSION = YES;
				CLANG_WARN_DEPRECATED_OBJC_IMPLEMENTATIONS = YES;
				CLANG_WARN_DIRECT_OBJC_ISA_USAGE = YES_ERROR;
				CLANG_WARN_DOCUMENTATION_COMMENTS = YES;
				CLANG_WARN_EMPTY_BODY = YES;
				CLANG_WARN_ENUM_CONVERSION = YES;
				CLANG_WARN_INFINITE_RECURSION = YES;
				CLANG_WARN_INT_CONVERSION = YES;
				CLANG_WARN_NON_LITERAL_NULL_CONVERSION = YES;
				CLANG_WARN_OBJC_IMPLICIT_RETAIN_SELF = YES;
				CLANG_WARN_OBJC_LITERAL_CONVERSION = YES;
				CLANG_WARN_OBJC_ROOT_CLASS = YES_ERROR;
				CLANG_WARN_RANGE_LOOP_ANALYSIS = YES;
				CLANG_WARN_STRICT_PROTOTYPES = YES;
				CLANG_WARN_SUSPICIOUS_MOVE = YES;
				CLANG_WARN_UNGUARDED_AVAILABILITY = YES_AGGRESSIVE;
				CLANG_WARN_UNREACHABLE_CODE = YES;
				CLANG_WARN__DUPLICATE_METHOD_MATCH = YES;
				CODE_SIGN_IDENTITY = "iPhone Developer";
				COPY_PHASE_STRIP = NO;
				DEBUG_INFORMATION_FORMAT = "dwarf-with-dsym";
				ENABLE_NS_ASSERTIONS = NO;
				ENABLE_STRICT_OBJC_MSGSEND = YES;
				GCC_C_LANGUAGE_STANDARD = gnu11;
				GCC_NO_COMMON_BLOCKS = YES;
				GCC_WARN_64_TO_32_BIT_CONVERSION = YES;
				GCC_WARN_ABOUT_RETURN_TYPE = YES_ERROR;
				GCC_WARN_UNDECLARED_SELECTOR = YES;
				GCC_WARN_UNINITIALIZED_AUTOS = YES_AGGRESSIVE;
				GCC_WARN_UNUSED_FUNCTION = YES;
				GCC_WARN_UNUSED_VARIABLE = YES;
				IPHONEOS_DEPLOYMENT_TARGET = 12.1;
				MTL_ENABLE_DEBUG_INFO = NO;
				MTL_FAST_MATH = YES;
				SDKROOT = iphoneos;
				SWIFT_COMPILATION_MODE = wholemodule;
				SWIFT_OPTIMIZATION_LEVEL = "-O";
				VALIDATE_PRODUCT = YES;
			};
			name = Release;
		};
		05551C5624FDF99300EBBE27 /* Debug */ = {
			isa = XCBuildConfiguration;
			buildSettings = {
				ASSETCATALOG_COMPILER_APPICON_NAME = AppIcon;
				CODE_SIGN_STYLE = Automatic;
				INFOPLIST_FILE = mekedi/Info.plist;
				LD_RUNPATH_SEARCH_PATHS = (
					"$(inherited)",
					"@executable_path/Frameworks",
				);
				PRODUCT_BUNDLE_IDENTIFIER = id.ac.binus.mekedi;
				PRODUCT_NAME = "$(TARGET_NAME)";
				SWIFT_VERSION = 4.2;
				TARGETED_DEVICE_FAMILY = "1,2";
			};
			name = Debug;
		};
		05551C5724FDF99300EBBE27 /* Release */ = {
			isa = XCBuildConfiguration;
			buildSettings = {
				ASSETCATALOG_COMPILER_APPICON_NAME = AppIcon;
				CODE_SIGN_STYLE = Automatic;
				INFOPLIST_FILE = mekedi/Info.plist;
				LD_RUNPATH_SEARCH_PATHS = (
					"$(inherited)",
					"@executable_path/Frameworks",
				);
				PRODUCT_BUNDLE_IDENTIFIER = id.ac.binus.mekedi;
				PRODUCT_NAME = "$(TARGET_NAME)";
				SWIFT_VERSION = 4.2;
				TARGETED_DEVICE_FAMILY = "1,2";
			};
			name = Release;
		};
		05551C5924FDF99300EBBE27 /* Debug */ = {
			isa = XCBuildConfiguration;
			buildSettings = {
				ALWAYS_EMBED_SWIFT_STANDARD_LIBRARIES = YES;
				BUNDLE_LOADER = "$(TEST_HOST)";
				CODE_SIGN_STYLE = Automatic;
				INFOPLIST_FILE = mekediTests/Info.plist;
				LD_RUNPATH_SEARCH_PATHS = (
					"$(inherited)",
					"@executable_path/Frameworks",
					"@loader_path/Frameworks",
				);
				PRODUCT_BUNDLE_IDENTIFIER = id.ac.binus.mekediTests;
				PRODUCT_NAME = "$(TARGET_NAME)";
				SWIFT_VERSION = 4.2;
				TARGETED_DEVICE_FAMILY = "1,2";
				TEST_HOST = "$(BUILT_PRODUCTS_DIR)/mekedi.app/mekedi";
			};
			name = Debug;
		};
		05551C5A24FDF99300EBBE27 /* Release */ = {
			isa = XCBuildConfiguration;
			buildSettings = {
				ALWAYS_EMBED_SWIFT_STANDARD_LIBRARIES = YES;
				BUNDLE_LOADER = "$(TEST_HOST)";
				CODE_SIGN_STYLE = Automatic;
				INFOPLIST_FILE = mekediTests/Info.plist;
				LD_RUNPATH_SEARCH_PATHS = (
					"$(inherited)",
					"@executable_path/Frameworks",
					"@loader_path/Frameworks",
				);
				PRODUCT_BUNDLE_IDENTIFIER = id.ac.binus.mekediTests;
				PRODUCT_NAME = "$(TARGET_NAME)";
				SWIFT_VERSION = 4.2;
				TARGETED_DEVICE_FAMILY = "1,2";
				TEST_HOST = "$(BUILT_PRODUCTS_DIR)/mekedi.app/mekedi";
			};
			name = Release;
		};
		05551C5C24FDF99300EBBE27 /* Debug */ = {
			isa = XCBuildConfiguration;
			buildSettings = {
				ALWAYS_EMBED_SWIFT_STANDARD_LIBRARIES = YES;
				CODE_SIGN_STYLE = Automatic;
				INFOPLIST_FILE = mekediUITests/Info.plist;
				LD_RUNPATH_SEARCH_PATHS = (
					"$(inherited)",
					"@executable_path/Frameworks",
					"@loader_path/Frameworks",
				);
				PRODUCT_BUNDLE_IDENTIFIER = id.ac.binus.mekediUITests;
				PRODUCT_NAME = "$(TARGET_NAME)";
				SWIFT_VERSION = 4.2;
				TARGETED_DEVICE_FAMILY = "1,2";
				TEST_TARGET_NAME = mekedi;
			};
			name = Debug;
		};
		05551C5D24FDF99300EBBE27 /* Release */ = {
			isa = XCBuildConfiguration;
			buildSettings = {
				ALWAYS_EMBED_SWIFT_STANDARD_LIBRARIES = YES;
				CODE_SIGN_STYLE = Automatic;
				INFOPLIST_FILE = mekediUITests/Info.plist;
				LD_RUNPATH_SEARCH_PATHS = (
					"$(inherited)",
					"@executable_path/Frameworks",
					"@loader_path/Frameworks",
				);
				PRODUCT_BUNDLE_IDENTIFIER = id.ac.binus.mekediUITests;
				PRODUCT_NAME = "$(TARGET_NAME)";
				SWIFT_VERSION = 4.2;
				TARGETED_DEVICE_FAMILY = "1,2";
				TEST_TARGET_NAME = mekedi;
			};
			name = Release;
		};
/* End XCBuildConfiguration section */

/* Begin XCConfigurationList section */
		05551C2824FDF98600EBBE27 /* Build configuration list for PBXProject "mekedi" */ = {
			isa = XCConfigurationList;
			buildConfigurations = (
				05551C5324FDF99300EBBE27 /* Debug */,
				05551C5424FDF99300EBBE27 /* Release */,
			);
			defaultConfigurationIsVisible = 0;
			defaultConfigurationName = Release;
		};
		05551C5524FDF99300EBBE27 /* Build configuration list for PBXNativeTarget "mekedi" */ = {
			isa = XCConfigurationList;
			buildConfigurations = (
				05551C5624FDF99300EBBE27 /* Debug */,
				05551C5724FDF99300EBBE27 /* Release */,
			);
			defaultConfigurationIsVisible = 0;
			defaultConfigurationName = Release;
		};
		05551C5824FDF99300EBBE27 /* Build configuration list for PBXNativeTarget "mekediTests" */ = {
			isa = XCConfigurationList;
			buildConfigurations = (
				05551C5924FDF99300EBBE27 /* Debug */,
				05551C5A24FDF99300EBBE27 /* Release */,
			);
			defaultConfigurationIsVisible = 0;
			defaultConfigurationName = Release;
		};
		05551C5B24FDF99300EBBE27 /* Build configuration list for PBXNativeTarget "mekediUITests" */ = {
			isa = XCConfigurationList;
			buildConfigurations = (
				05551C5C24FDF99300EBBE27 /* Debug */,
				05551C5D24FDF99300EBBE27 /* Release */,
			);
			defaultConfigurationIsVisible = 0;
			defaultConfigurationName = Release;
		};
/* End XCConfigurationList section */
	};
	rootObject = 05551C2524FDF98600EBBE27 /* Project object */;
}
